{
  "name": "node-firebird-pool-poc",
  "version": "1.0.0",
  "lockfileVersion": 3,
  "requires": true,
  "packages": {
    "": {
      "name": "node-firebird-pool-poc",
      "version": "1.0.0",
      "dependencies": {
        "node-firebird": "^2.3.1"
      }
    },
    "node_modules/node-firebird": {
      "version": "2.3.1",
      "resolved": "https://registry.npmjs.org/node-firebird/-/node-firebird-2.3.1.tgz",
      "integrity": "sha512-3yTwiLHwgtLYRv+aS4frzsQEwHMDXkP5Z1SPM/W103TvMemVRoCIaxPYO7axnUrKhgTfPHGXzqC5umYlQail/w==",
      "license": "MPL-2.0"
    }
  }
}
